
Microsoft Visual Studio Solution File, Format Version 12.00
# Visual Studio 15
VisualStudioVersion = 15.0.27428.2043
MinimumVisualStudioVersion = 10.0.40219.1
Project("{FAE04EC0-301F-11D3-BF4B-00C04F79EFBC}") = "Insight", "Insight.csproj", "{8A46F9AD-5CCF-4545-8FF3-BD7EED991B78}"
EndProject
Global
	GlobalSection(SolutionConfigurationPlatforms) = preSolution
		Debug|Any CPU = Debug|Any CPU
		Release|Any CPU = Release|Any CPU
	EndGlobalSection
	GlobalSection(ProjectConfigurationPlatforms) = postSolution
		{8A46F9AD-5CCF-4545-8FF3-BD7EED991B78}.Debug|Any CPU.ActiveCfg = Debug|Any CPU
		{8A46F9AD-5CCF-4545-8FF3-BD7EED991B78}.Debug|Any CPU.Build.0 = Debug|Any CPU
		{8A46F9AD-5CCF-4545-8FF3-BD7EED991B78}.Release|Any CPU.ActiveCfg = Release|Any CPU
		{8A46F9AD-5CCF-4545-8FF3-BD7EED991B78}.Release|Any CPU.Build.0 = Release|Any CPU
	EndGlobalSection
	GlobalSection(SolutionProperties) = preSolution
		HideSolutionNode = FALSE
	EndGlobalSection
	GlobalSection(ExtensibilityGlobals) = postSolution
		SolutionGuid = {974C4BCC-35C8-45CE-9B9F-7ED6CE7B8066}
	EndGlobalSection
EndGlobal
